
Microsoft Visual Studio Solution File, Format Version 11.00
# Visual Studio 2010
Project("{FAE04EC0-301F-11D3-BF4B-00C04F79EFBC}") = "RecipeMvc", "RecipeMvc\RecipeMvc.csproj", "{CE9A0029-22BF-4022-8DED-F9B783C6A91A}"
EndProject
Global
	GlobalSection(SolutionConfigurationPlatforms) = preSolution
		Debug|Any CPU = Debug|Any CPU
		Release|Any CPU = Release|Any CPU
	EndGlobalSection
	GlobalSection(ProjectConfigurationPlatforms) = postSolution
		{CE9A0029-22BF-4022-8DED-F9B783C6A91A}.Debug|Any CPU.ActiveCfg = Debug|Any CPU
		{CE9A0029-22BF-4022-8DED-F9B783C6A91A}.Debug|Any CPU.Build.0 = Debug|Any CPU
		{CE9A0029-22BF-4022-8DED-F9B783C6A91A}.Release|Any CPU.ActiveCfg = Release|Any CPU
		{CE9A0029-22BF-4022-8DED-F9B783C6A91A}.Release|Any CPU.Build.0 = Release|Any CPU
	EndGlobalSection
	GlobalSection(SolutionProperties) = preSolution
		HideSolutionNode = FALSE
	EndGlobalSection
EndGlobal
